
Microsoft Visual Studio Solution File, Format Version 12.00
# Visual Studio Version 17
VisualStudioVersion = 17.0.31903.59
MinimumVisualStudioVersion = 10.0.40219.1
Project("{FAE04EC0-301F-11D3-BF4B-00C04F79EFBC}") = "Variables", "Variables\Variables.csproj", "{676D1F60-F855-47AB-8FDB-9427309A76CA}"
EndProject
Project("{FAE04EC0-301F-11D3-BF4B-00C04F79EFBC}") = "If-Else-Lambda-Anonimous", "If-Else-Lambda-Anonimous\If-Else-Lambda-Anonimous.csproj", "{EF72472D-B498-4B36-BF81-6BA9403370CD}"
EndProject
Project("{FAE04EC0-301F-11D3-BF4B-00C04F79EFBC}") = "LINQ", "LINQ\LINQ.csproj", "{CF8C1A5F-81C3-4AF6-AEF3-89D1FBE45E15}"
EndProject
Project("{FAE04EC0-301F-11D3-BF4B-00C04F79EFBC}") = "SwitchCase-Lambdas-Anonimous", "SwitchCase-Lambdas-Anonimous\SwitchCase-Lambdas-Anonimous.csproj", "{F2A45BCA-208A-4048-96ED-98D053255C3B}"
EndProject
Project("{FAE04EC0-301F-11D3-BF4B-00C04F79EFBC}") = "While", "While\While.csproj", "{ACD8A26C-CBD1-46DE-8E7B-6E0C38BEC0D5}"
EndProject
Project("{FAE04EC0-301F-11D3-BF4B-00C04F79EFBC}") = "For", "For\For.csproj", "{5123A0B6-5F9C-4E9A-BA2E-5204FF4DEBA3}"
EndProject
Project("{FAE04EC0-301F-11D3-BF4B-00C04F79EFBC}") = "xMethods", "xMethods\xMethods.csproj", "{162C20B2-A366-41BD-9C61-02DF4151EC7F}"
EndProject
Project("{FAE04EC0-301F-11D3-BF4B-00C04F79EFBC}") = "SwitchCase", "SwitchCase\SwitchCase.csproj", "{53B23CD6-50FD-444C-A74E-935C6BCB3552}"
EndProject
Project("{FAE04EC0-301F-11D3-BF4B-00C04F79EFBC}") = "PropertiesEncap", "PropertiesEncap\PropertiesEncap.csproj", "{718A2104-C21D-4F48-BD2A-C28C63C771AA}"
EndProject
Project("{FAE04EC0-301F-11D3-BF4B-00C04F79EFBC}") = "Tuples", "Tuples\Tuples.csproj", "{D5ABD019-D778-4C64-92C6-E83E0CC144F4}"
EndProject
Project("{FAE04EC0-301F-11D3-BF4B-00C04F79EFBC}") = "Lists", "Lists\Lists.csproj", "{4AD50705-0E75-4313-9907-DD2EB3521A21}"
EndProject
Project("{FAE04EC0-301F-11D3-BF4B-00C04F79EFBC}") = "LINQ.Palindrome", "LINQ.Palindrome\LINQ.Palindrome.csproj", "{0B99DE90-CC76-427D-8B91-239DEE22D7B9}"
EndProject
Project("{FAE04EC0-301F-11D3-BF4B-00C04F79EFBC}") = "ArrayRangeSpread", "ArrayRangeSpread\ArrayRangeSpread.csproj", "{ED1918EB-711F-4A37-A11C-3A2DC60746B0}"
EndProject
Project("{FAE04EC0-301F-11D3-BF4B-00C04F79EFBC}") = "Interfaces", "Interfaces\Interfaces.csproj", "{54FE6581-2A10-400D-8111-13103E004801}"
EndProject
Project("{2150E333-8FDC-42A3-9474-1A3956D46DE8}") = "SenacLeveling", "SenacLeveling", "{4BEDD9F1-9D6F-4066-BA75-A5F29646569B}"
EndProject
Project("{FAE04EC0-301F-11D3-BF4B-00C04F79EFBC}") = "PrintNumbers", "PrintNumbers\PrintNumbers.csproj", "{900173BE-E18C-4F0A-80D4-0E82F2EF5FA7}"
EndProject
Project("{FAE04EC0-301F-11D3-BF4B-00C04F79EFBC}") = "EvenNumbers", "EvenNumbers\EvenNumbers.csproj", "{00E86D04-4BD0-4786-8E04-BC07065A7C9A}"
EndProject
Project("{FAE04EC0-301F-11D3-BF4B-00C04F79EFBC}") = "AreEvenOdd", "AreEvenOdd\AreEvenOdd.csproj", "{3178AA93-F8F7-4D03-9908-20578DDB6995}"
EndProject
Project("{FAE04EC0-301F-11D3-BF4B-00C04F79EFBC}") = "StudentAverage02", "StudentAverage02\StudentAverage02.csproj", "{8A516D68-B640-4309-A039-8AFB6F01CA2D}"
EndProject
Project("{2150E333-8FDC-42A3-9474-1A3956D46DE8}") = "HackerRank", "HackerRank", "{B0B8041C-8B77-423B-BBFB-44FB02AD6511}"
EndProject
Project("{FAE04EC0-301F-11D3-BF4B-00C04F79EFBC}") = "CharsEvenOdd", "CharsEvenOdd\CharsEvenOdd.csproj", "{0BB1E8DD-E05C-4314-BF81-C7C1D18571A0}"
EndProject
Project("{FAE04EC0-301F-11D3-BF4B-00C04F79EFBC}") = "ClassVsInstance", "ClassVsInstance\ClassVsInstance.csproj", "{2BE42447-DFA5-4703-B232-C5AE3C96B6C1}"
EndProject
Project("{FAE04EC0-301F-11D3-BF4B-00C04F79EFBC}") = "BirthPeople", "BirthPeople\BirthPeople.csproj", "{958BF9A5-75FF-4319-A279-3DF6622B4125}"
EndProject
Project("{FAE04EC0-301F-11D3-BF4B-00C04F79EFBC}") = "ArrayReverseOrder", "ArrayReverseOrder\ArrayReverseOrder.csproj", "{6F9F600D-3FCC-4CB7-AA3C-264EC1836C2C}"
EndProject
Project("{FAE04EC0-301F-11D3-BF4B-00C04F79EFBC}") = "StudentAverage", "StudentAverage\StudentAverage.csproj", "{30F3BE71-B51A-4546-8E94-32E87A852D65}"
EndProject
Project("{FAE04EC0-301F-11D3-BF4B-00C04F79EFBC}") = "DictionaryKeyValue", "DictionaryKeyValue\DictionaryKeyValue.csproj", "{DCA41B13-B515-4D03-9376-9430139508F0}"
EndProject
Project("{FAE04EC0-301F-11D3-BF4B-00C04F79EFBC}") = "RecursiveFactorial", "RecursiveFactorial\RecursiveFactorial.csproj", "{7DCC0E46-9790-4DE2-86D3-CFD388F0D96F}"
EndProject
Project("{FAE04EC0-301F-11D3-BF4B-00C04F79EFBC}") = "BinaryNumberBase2", "BinaryNumberBase2\BinaryNumberBase2.csproj", "{1FA2AD1F-4140-4AC8-BE90-91C72BFE89B8}"
EndProject
Global
	GlobalSection(SolutionConfigurationPlatforms) = preSolution
		Debug|Any CPU = Debug|Any CPU
		Debug|x64 = Debug|x64
		Debug|x86 = Debug|x86
		Release|Any CPU = Release|Any CPU
		Release|x64 = Release|x64
		Release|x86 = Release|x86
	EndGlobalSection
	GlobalSection(ProjectConfigurationPlatforms) = postSolution
		{676D1F60-F855-47AB-8FDB-9427309A76CA}.Debug|Any CPU.ActiveCfg = Debug|Any CPU
		{676D1F60-F855-47AB-8FDB-9427309A76CA}.Debug|Any CPU.Build.0 = Debug|Any CPU
		{676D1F60-F855-47AB-8FDB-9427309A76CA}.Debug|x64.ActiveCfg = Debug|Any CPU
		{676D1F60-F855-47AB-8FDB-9427309A76CA}.Debug|x64.Build.0 = Debug|Any CPU
		{676D1F60-F855-47AB-8FDB-9427309A76CA}.Debug|x86.ActiveCfg = Debug|Any CPU
		{676D1F60-F855-47AB-8FDB-9427309A76CA}.Debug|x86.Build.0 = Debug|Any CPU
		{676D1F60-F855-47AB-8FDB-9427309A76CA}.Release|Any CPU.ActiveCfg = Release|Any CPU
		{676D1F60-F855-47AB-8FDB-9427309A76CA}.Release|Any CPU.Build.0 = Release|Any CPU
		{676D1F60-F855-47AB-8FDB-9427309A76CA}.Release|x64.ActiveCfg = Release|Any CPU
		{676D1F60-F855-47AB-8FDB-9427309A76CA}.Release|x64.Build.0 = Release|Any CPU
		{676D1F60-F855-47AB-8FDB-9427309A76CA}.Release|x86.ActiveCfg = Release|Any CPU
		{676D1F60-F855-47AB-8FDB-9427309A76CA}.Release|x86.Build.0 = Release|Any CPU
		{EF72472D-B498-4B36-BF81-6BA9403370CD}.Debug|Any CPU.ActiveCfg = Debug|Any CPU
		{EF72472D-B498-4B36-BF81-6BA9403370CD}.Debug|Any CPU.Build.0 = Debug|Any CPU
		{EF72472D-B498-4B36-BF81-6BA9403370CD}.Debug|x64.ActiveCfg = Debug|Any CPU
		{EF72472D-B498-4B36-BF81-6BA9403370CD}.Debug|x64.Build.0 = Debug|Any CPU
		{EF72472D-B498-4B36-BF81-6BA9403370CD}.Debug|x86.ActiveCfg = Debug|Any CPU
		{EF72472D-B498-4B36-BF81-6BA9403370CD}.Debug|x86.Build.0 = Debug|Any CPU
		{EF72472D-B498-4B36-BF81-6BA9403370CD}.Release|Any CPU.ActiveCfg = Release|Any CPU
		{EF72472D-B498-4B36-BF81-6BA9403370CD}.Release|Any CPU.Build.0 = Release|Any CPU
		{EF72472D-B498-4B36-BF81-6BA9403370CD}.Release|x64.ActiveCfg = Release|Any CPU
		{EF72472D-B498-4B36-BF81-6BA9403370CD}.Release|x64.Build.0 = Release|Any CPU
		{EF72472D-B498-4B36-BF81-6BA9403370CD}.Release|x86.ActiveCfg = Release|Any CPU
		{EF72472D-B498-4B36-BF81-6BA9403370CD}.Release|x86.Build.0 = Release|Any CPU
		{CF8C1A5F-81C3-4AF6-AEF3-89D1FBE45E15}.Debug|Any CPU.ActiveCfg = Debug|Any CPU
		{CF8C1A5F-81C3-4AF6-AEF3-89D1FBE45E15}.Debug|Any CPU.Build.0 = Debug|Any CPU
		{CF8C1A5F-81C3-4AF6-AEF3-89D1FBE45E15}.Debug|x64.ActiveCfg = Debug|Any CPU
		{CF8C1A5F-81C3-4AF6-AEF3-89D1FBE45E15}.Debug|x64.Build.0 = Debug|Any CPU
		{CF8C1A5F-81C3-4AF6-AEF3-89D1FBE45E15}.Debug|x86.ActiveCfg = Debug|Any CPU
		{CF8C1A5F-81C3-4AF6-AEF3-89D1FBE45E15}.Debug|x86.Build.0 = Debug|Any CPU
		{CF8C1A5F-81C3-4AF6-AEF3-89D1FBE45E15}.Release|Any CPU.ActiveCfg = Release|Any CPU
		{CF8C1A5F-81C3-4AF6-AEF3-89D1FBE45E15}.Release|Any CPU.Build.0 = Release|Any CPU
		{CF8C1A5F-81C3-4AF6-AEF3-89D1FBE45E15}.Release|x64.ActiveCfg = Release|Any CPU
		{CF8C1A5F-81C3-4AF6-AEF3-89D1FBE45E15}.Release|x64.Build.0 = Release|Any CPU
		{CF8C1A5F-81C3-4AF6-AEF3-89D1FBE45E15}.Release|x86.ActiveCfg = Release|Any CPU
		{CF8C1A5F-81C3-4AF6-AEF3-89D1FBE45E15}.Release|x86.Build.0 = Release|Any CPU
		{F2A45BCA-208A-4048-96ED-98D053255C3B}.Debug|Any CPU.ActiveCfg = Debug|Any CPU
		{F2A45BCA-208A-4048-96ED-98D053255C3B}.Debug|Any CPU.Build.0 = Debug|Any CPU
		{F2A45BCA-208A-4048-96ED-98D053255C3B}.Debug|x64.ActiveCfg = Debug|Any CPU
		{F2A45BCA-208A-4048-96ED-98D053255C3B}.Debug|x64.Build.0 = Debug|Any CPU
		{F2A45BCA-208A-4048-96ED-98D053255C3B}.Debug|x86.ActiveCfg = Debug|Any CPU
		{F2A45BCA-208A-4048-96ED-98D053255C3B}.Debug|x86.Build.0 = Debug|Any CPU
		{F2A45BCA-208A-4048-96ED-98D053255C3B}.Release|Any CPU.ActiveCfg = Release|Any CPU
		{F2A45BCA-208A-4048-96ED-98D053255C3B}.Release|Any CPU.Build.0 = Release|Any CPU
		{F2A45BCA-208A-4048-96ED-98D053255C3B}.Release|x64.ActiveCfg = Release|Any CPU
		{F2A45BCA-208A-4048-96ED-98D053255C3B}.Release|x64.Build.0 = Release|Any CPU
		{F2A45BCA-208A-4048-96ED-98D053255C3B}.Release|x86.ActiveCfg = Release|Any CPU
		{F2A45BCA-208A-4048-96ED-98D053255C3B}.Release|x86.Build.0 = Release|Any CPU
		{ACD8A26C-CBD1-46DE-8E7B-6E0C38BEC0D5}.Debug|Any CPU.ActiveCfg = Debug|Any CPU
		{ACD8A26C-CBD1-46DE-8E7B-6E0C38BEC0D5}.Debug|Any CPU.Build.0 = Debug|Any CPU
		{ACD8A26C-CBD1-46DE-8E7B-6E0C38BEC0D5}.Debug|x64.ActiveCfg = Debug|Any CPU
		{ACD8A26C-CBD1-46DE-8E7B-6E0C38BEC0D5}.Debug|x64.Build.0 = Debug|Any CPU
		{ACD8A26C-CBD1-46DE-8E7B-6E0C38BEC0D5}.Debug|x86.ActiveCfg = Debug|Any CPU
		{ACD8A26C-CBD1-46DE-8E7B-6E0C38BEC0D5}.Debug|x86.Build.0 = Debug|Any CPU
		{ACD8A26C-CBD1-46DE-8E7B-6E0C38BEC0D5}.Release|Any CPU.ActiveCfg = Release|Any CPU
		{ACD8A26C-CBD1-46DE-8E7B-6E0C38BEC0D5}.Release|Any CPU.Build.0 = Release|Any CPU
		{ACD8A26C-CBD1-46DE-8E7B-6E0C38BEC0D5}.Release|x64.ActiveCfg = Release|Any CPU
		{ACD8A26C-CBD1-46DE-8E7B-6E0C38BEC0D5}.Release|x64.Build.0 = Release|Any CPU
		{ACD8A26C-CBD1-46DE-8E7B-6E0C38BEC0D5}.Release|x86.ActiveCfg = Release|Any CPU
		{ACD8A26C-CBD1-46DE-8E7B-6E0C38BEC0D5}.Release|x86.Build.0 = Release|Any CPU
		{5123A0B6-5F9C-4E9A-BA2E-5204FF4DEBA3}.Debug|Any CPU.ActiveCfg = Debug|Any CPU
		{5123A0B6-5F9C-4E9A-BA2E-5204FF4DEBA3}.Debug|Any CPU.Build.0 = Debug|Any CPU
		{5123A0B6-5F9C-4E9A-BA2E-5204FF4DEBA3}.Debug|x64.ActiveCfg = Debug|Any CPU
		{5123A0B6-5F9C-4E9A-BA2E-5204FF4DEBA3}.Debug|x64.Build.0 = Debug|Any CPU
		{5123A0B6-5F9C-4E9A-BA2E-5204FF4DEBA3}.Debug|x86.ActiveCfg = Debug|Any CPU
		{5123A0B6-5F9C-4E9A-BA2E-5204FF4DEBA3}.Debug|x86.Build.0 = Debug|Any CPU
		{5123A0B6-5F9C-4E9A-BA2E-5204FF4DEBA3}.Release|Any CPU.ActiveCfg = Release|Any CPU
		{5123A0B6-5F9C-4E9A-BA2E-5204FF4DEBA3}.Release|Any CPU.Build.0 = Release|Any CPU
		{5123A0B6-5F9C-4E9A-BA2E-5204FF4DEBA3}.Release|x64.ActiveCfg = Release|Any CPU
		{5123A0B6-5F9C-4E9A-BA2E-5204FF4DEBA3}.Release|x64.Build.0 = Release|Any CPU
		{5123A0B6-5F9C-4E9A-BA2E-5204FF4DEBA3}.Release|x86.ActiveCfg = Release|Any CPU
		{5123A0B6-5F9C-4E9A-BA2E-5204FF4DEBA3}.Release|x86.Build.0 = Release|Any CPU
		{162C20B2-A366-41BD-9C61-02DF4151EC7F}.Debug|Any CPU.ActiveCfg = Debug|Any CPU
		{162C20B2-A366-41BD-9C61-02DF4151EC7F}.Debug|Any CPU.Build.0 = Debug|Any CPU
		{162C20B2-A366-41BD-9C61-02DF4151EC7F}.Debug|x64.ActiveCfg = Debug|Any CPU
		{162C20B2-A366-41BD-9C61-02DF4151EC7F}.Debug|x64.Build.0 = Debug|Any CPU
		{162C20B2-A366-41BD-9C61-02DF4151EC7F}.Debug|x86.ActiveCfg = Debug|Any CPU
		{162C20B2-A366-41BD-9C61-02DF4151EC7F}.Debug|x86.Build.0 = Debug|Any CPU
		{162C20B2-A366-41BD-9C61-02DF4151EC7F}.Release|Any CPU.ActiveCfg = Release|Any CPU
		{162C20B2-A366-41BD-9C61-02DF4151EC7F}.Release|Any CPU.Build.0 = Release|Any CPU
		{162C20B2-A366-41BD-9C61-02DF4151EC7F}.Release|x64.ActiveCfg = Release|Any CPU
		{162C20B2-A366-41BD-9C61-02DF4151EC7F}.Release|x64.Build.0 = Release|Any CPU
		{162C20B2-A366-41BD-9C61-02DF4151EC7F}.Release|x86.ActiveCfg = Release|Any CPU
		{162C20B2-A366-41BD-9C61-02DF4151EC7F}.Release|x86.Build.0 = Release|Any CPU
		{53B23CD6-50FD-444C-A74E-935C6BCB3552}.Debug|Any CPU.ActiveCfg = Debug|Any CPU
		{53B23CD6-50FD-444C-A74E-935C6BCB3552}.Debug|Any CPU.Build.0 = Debug|Any CPU
		{53B23CD6-50FD-444C-A74E-935C6BCB3552}.Debug|x64.ActiveCfg = Debug|Any CPU
		{53B23CD6-50FD-444C-A74E-935C6BCB3552}.Debug|x64.Build.0 = Debug|Any CPU
		{53B23CD6-50FD-444C-A74E-935C6BCB3552}.Debug|x86.ActiveCfg = Debug|Any CPU
		{53B23CD6-50FD-444C-A74E-935C6BCB3552}.Debug|x86.Build.0 = Debug|Any CPU
		{53B23CD6-50FD-444C-A74E-935C6BCB3552}.Release|Any CPU.ActiveCfg = Release|Any CPU
		{53B23CD6-50FD-444C-A74E-935C6BCB3552}.Release|Any CPU.Build.0 = Release|Any CPU
		{53B23CD6-50FD-444C-A74E-935C6BCB3552}.Release|x64.ActiveCfg = Release|Any CPU
		{53B23CD6-50FD-444C-A74E-935C6BCB3552}.Release|x64.Build.0 = Release|Any CPU
		{53B23CD6-50FD-444C-A74E-935C6BCB3552}.Release|x86.ActiveCfg = Release|Any CPU
		{53B23CD6-50FD-444C-A74E-935C6BCB3552}.Release|x86.Build.0 = Release|Any CPU
		{718A2104-C21D-4F48-BD2A-C28C63C771AA}.Debug|Any CPU.ActiveCfg = Debug|Any CPU
		{718A2104-C21D-4F48-BD2A-C28C63C771AA}.Debug|Any CPU.Build.0 = Debug|Any CPU
		{718A2104-C21D-4F48-BD2A-C28C63C771AA}.Debug|x64.ActiveCfg = Debug|Any CPU
		{718A2104-C21D-4F48-BD2A-C28C63C771AA}.Debug|x64.Build.0 = Debug|Any CPU
		{718A2104-C21D-4F48-BD2A-C28C63C771AA}.Debug|x86.ActiveCfg = Debug|Any CPU
		{718A2104-C21D-4F48-BD2A-C28C63C771AA}.Debug|x86.Build.0 = Debug|Any CPU
		{718A2104-C21D-4F48-BD2A-C28C63C771AA}.Release|Any CPU.ActiveCfg = Release|Any CPU
		{718A2104-C21D-4F48-BD2A-C28C63C771AA}.Release|Any CPU.Build.0 = Release|Any CPU
		{718A2104-C21D-4F48-BD2A-C28C63C771AA}.Release|x64.ActiveCfg = Release|Any CPU
		{718A2104-C21D-4F48-BD2A-C28C63C771AA}.Release|x64.Build.0 = Release|Any CPU
		{718A2104-C21D-4F48-BD2A-C28C63C771AA}.Release|x86.ActiveCfg = Release|Any CPU
		{718A2104-C21D-4F48-BD2A-C28C63C771AA}.Release|x86.Build.0 = Release|Any CPU
		{D5ABD019-D778-4C64-92C6-E83E0CC144F4}.Debug|Any CPU.ActiveCfg = Debug|Any CPU
		{D5ABD019-D778-4C64-92C6-E83E0CC144F4}.Debug|Any CPU.Build.0 = Debug|Any CPU
		{D5ABD019-D778-4C64-92C6-E83E0CC144F4}.Debug|x64.ActiveCfg = Debug|Any CPU
		{D5ABD019-D778-4C64-92C6-E83E0CC144F4}.Debug|x64.Build.0 = Debug|Any CPU
		{D5ABD019-D778-4C64-92C6-E83E0CC144F4}.Debug|x86.ActiveCfg = Debug|Any CPU
		{D5ABD019-D778-4C64-92C6-E83E0CC144F4}.Debug|x86.Build.0 = Debug|Any CPU
		{D5ABD019-D778-4C64-92C6-E83E0CC144F4}.Release|Any CPU.ActiveCfg = Release|Any CPU
		{D5ABD019-D778-4C64-92C6-E83E0CC144F4}.Release|Any CPU.Build.0 = Release|Any CPU
		{D5ABD019-D778-4C64-92C6-E83E0CC144F4}.Release|x64.ActiveCfg = Release|Any CPU
		{D5ABD019-D778-4C64-92C6-E83E0CC144F4}.Release|x64.Build.0 = Release|Any CPU
		{D5ABD019-D778-4C64-92C6-E83E0CC144F4}.Release|x86.ActiveCfg = Release|Any CPU
		{D5ABD019-D778-4C64-92C6-E83E0CC144F4}.Release|x86.Build.0 = Release|Any CPU
		{4AD50705-0E75-4313-9907-DD2EB3521A21}.Debug|Any CPU.ActiveCfg = Debug|Any CPU
		{4AD50705-0E75-4313-9907-DD2EB3521A21}.Debug|Any CPU.Build.0 = Debug|Any CPU
		{4AD50705-0E75-4313-9907-DD2EB3521A21}.Debug|x64.ActiveCfg = Debug|Any CPU
		{4AD50705-0E75-4313-9907-DD2EB3521A21}.Debug|x64.Build.0 = Debug|Any CPU
		{4AD50705-0E75-4313-9907-DD2EB3521A21}.Debug|x86.ActiveCfg = Debug|Any CPU
		{4AD50705-0E75-4313-9907-DD2EB3521A21}.Debug|x86.Build.0 = Debug|Any CPU
		{4AD50705-0E75-4313-9907-DD2EB3521A21}.Release|Any CPU.ActiveCfg = Release|Any CPU
		{4AD50705-0E75-4313-9907-DD2EB3521A21}.Release|Any CPU.Build.0 = Release|Any CPU
		{4AD50705-0E75-4313-9907-DD2EB3521A21}.Release|x64.ActiveCfg = Release|Any CPU
		{4AD50705-0E75-4313-9907-DD2EB3521A21}.Release|x64.Build.0 = Release|Any CPU
		{4AD50705-0E75-4313-9907-DD2EB3521A21}.Release|x86.ActiveCfg = Release|Any CPU
		{4AD50705-0E75-4313-9907-DD2EB3521A21}.Release|x86.Build.0 = Release|Any CPU
		{0B99DE90-CC76-427D-8B91-239DEE22D7B9}.Debug|Any CPU.ActiveCfg = Debug|Any CPU
		{0B99DE90-CC76-427D-8B91-239DEE22D7B9}.Debug|Any CPU.Build.0 = Debug|Any CPU
		{0B99DE90-CC76-427D-8B91-239DEE22D7B9}.Debug|x64.ActiveCfg = Debug|Any CPU
		{0B99DE90-CC76-427D-8B91-239DEE22D7B9}.Debug|x64.Build.0 = Debug|Any CPU
		{0B99DE90-CC76-427D-8B91-239DEE22D7B9}.Debug|x86.ActiveCfg = Debug|Any CPU
		{0B99DE90-CC76-427D-8B91-239DEE22D7B9}.Debug|x86.Build.0 = Debug|Any CPU
		{0B99DE90-CC76-427D-8B91-239DEE22D7B9}.Release|Any CPU.ActiveCfg = Release|Any CPU
		{0B99DE90-CC76-427D-8B91-239DEE22D7B9}.Release|Any CPU.Build.0 = Release|Any CPU
		{0B99DE90-CC76-427D-8B91-239DEE22D7B9}.Release|x64.ActiveCfg = Release|Any CPU
		{0B99DE90-CC76-427D-8B91-239DEE22D7B9}.Release|x64.Build.0 = Release|Any CPU
		{0B99DE90-CC76-427D-8B91-239DEE22D7B9}.Release|x86.ActiveCfg = Release|Any CPU
		{0B99DE90-CC76-427D-8B91-239DEE22D7B9}.Release|x86.Build.0 = Release|Any CPU
		{ED1918EB-711F-4A37-A11C-3A2DC60746B0}.Debug|Any CPU.ActiveCfg = Debug|Any CPU
		{ED1918EB-711F-4A37-A11C-3A2DC60746B0}.Debug|Any CPU.Build.0 = Debug|Any CPU
		{ED1918EB-711F-4A37-A11C-3A2DC60746B0}.Debug|x64.ActiveCfg = Debug|Any CPU
		{ED1918EB-711F-4A37-A11C-3A2DC60746B0}.Debug|x64.Build.0 = Debug|Any CPU
		{ED1918EB-711F-4A37-A11C-3A2DC60746B0}.Debug|x86.ActiveCfg = Debug|Any CPU
		{ED1918EB-711F-4A37-A11C-3A2DC60746B0}.Debug|x86.Build.0 = Debug|Any CPU
		{ED1918EB-711F-4A37-A11C-3A2DC60746B0}.Release|Any CPU.ActiveCfg = Release|Any CPU
		{ED1918EB-711F-4A37-A11C-3A2DC60746B0}.Release|Any CPU.Build.0 = Release|Any CPU
		{ED1918EB-711F-4A37-A11C-3A2DC60746B0}.Release|x64.ActiveCfg = Release|Any CPU
		{ED1918EB-711F-4A37-A11C-3A2DC60746B0}.Release|x64.Build.0 = Release|Any CPU
		{ED1918EB-711F-4A37-A11C-3A2DC60746B0}.Release|x86.ActiveCfg = Release|Any CPU
		{ED1918EB-711F-4A37-A11C-3A2DC60746B0}.Release|x86.Build.0 = Release|Any CPU
		{54FE6581-2A10-400D-8111-13103E004801}.Debug|Any CPU.ActiveCfg = Debug|Any CPU
		{54FE6581-2A10-400D-8111-13103E004801}.Debug|Any CPU.Build.0 = Debug|Any CPU
		{54FE6581-2A10-400D-8111-13103E004801}.Debug|x64.ActiveCfg = Debug|Any CPU
		{54FE6581-2A10-400D-8111-13103E004801}.Debug|x64.Build.0 = Debug|Any CPU
		{54FE6581-2A10-400D-8111-13103E004801}.Debug|x86.ActiveCfg = Debug|Any CPU
		{54FE6581-2A10-400D-8111-13103E004801}.Debug|x86.Build.0 = Debug|Any CPU
		{54FE6581-2A10-400D-8111-13103E004801}.Release|Any CPU.ActiveCfg = Release|Any CPU
		{54FE6581-2A10-400D-8111-13103E004801}.Release|Any CPU.Build.0 = Release|Any CPU
		{54FE6581-2A10-400D-8111-13103E004801}.Release|x64.ActiveCfg = Release|Any CPU
		{54FE6581-2A10-400D-8111-13103E004801}.Release|x64.Build.0 = Release|Any CPU
		{54FE6581-2A10-400D-8111-13103E004801}.Release|x86.ActiveCfg = Release|Any CPU
		{54FE6581-2A10-400D-8111-13103E004801}.Release|x86.Build.0 = Release|Any CPU
		{900173BE-E18C-4F0A-80D4-0E82F2EF5FA7}.Debug|Any CPU.ActiveCfg = Debug|Any CPU
		{900173BE-E18C-4F0A-80D4-0E82F2EF5FA7}.Debug|Any CPU.Build.0 = Debug|Any CPU
		{900173BE-E18C-4F0A-80D4-0E82F2EF5FA7}.Debug|x64.ActiveCfg = Debug|Any CPU
		{900173BE-E18C-4F0A-80D4-0E82F2EF5FA7}.Debug|x64.Build.0 = Debug|Any CPU
		{900173BE-E18C-4F0A-80D4-0E82F2EF5FA7}.Debug|x86.ActiveCfg = Debug|Any CPU
		{900173BE-E18C-4F0A-80D4-0E82F2EF5FA7}.Debug|x86.Build.0 = Debug|Any CPU
		{900173BE-E18C-4F0A-80D4-0E82F2EF5FA7}.Release|Any CPU.ActiveCfg = Release|Any CPU
		{900173BE-E18C-4F0A-80D4-0E82F2EF5FA7}.Release|Any CPU.Build.0 = Release|Any CPU
		{900173BE-E18C-4F0A-80D4-0E82F2EF5FA7}.Release|x64.ActiveCfg = Release|Any CPU
		{900173BE-E18C-4F0A-80D4-0E82F2EF5FA7}.Release|x64.Build.0 = Release|Any CPU
		{900173BE-E18C-4F0A-80D4-0E82F2EF5FA7}.Release|x86.ActiveCfg = Release|Any CPU
		{900173BE-E18C-4F0A-80D4-0E82F2EF5FA7}.Release|x86.Build.0 = Release|Any CPU
		{00E86D04-4BD0-4786-8E04-BC07065A7C9A}.Debug|Any CPU.ActiveCfg = Debug|Any CPU
		{00E86D04-4BD0-4786-8E04-BC07065A7C9A}.Debug|Any CPU.Build.0 = Debug|Any CPU
		{00E86D04-4BD0-4786-8E04-BC07065A7C9A}.Debug|x64.ActiveCfg = Debug|Any CPU
		{00E86D04-4BD0-4786-8E04-BC07065A7C9A}.Debug|x64.Build.0 = Debug|Any CPU
		{00E86D04-4BD0-4786-8E04-BC07065A7C9A}.Debug|x86.ActiveCfg = Debug|Any CPU
		{00E86D04-4BD0-4786-8E04-BC07065A7C9A}.Debug|x86.Build.0 = Debug|Any CPU
		{00E86D04-4BD0-4786-8E04-BC07065A7C9A}.Release|Any CPU.ActiveCfg = Release|Any CPU
		{00E86D04-4BD0-4786-8E04-BC07065A7C9A}.Release|Any CPU.Build.0 = Release|Any CPU
		{00E86D04-4BD0-4786-8E04-BC07065A7C9A}.Release|x64.ActiveCfg = Release|Any CPU
		{00E86D04-4BD0-4786-8E04-BC07065A7C9A}.Release|x64.Build.0 = Release|Any CPU
		{00E86D04-4BD0-4786-8E04-BC07065A7C9A}.Release|x86.ActiveCfg = Release|Any CPU
		{00E86D04-4BD0-4786-8E04-BC07065A7C9A}.Release|x86.Build.0 = Release|Any CPU
		{3178AA93-F8F7-4D03-9908-20578DDB6995}.Debug|Any CPU.ActiveCfg = Debug|Any CPU
		{3178AA93-F8F7-4D03-9908-20578DDB6995}.Debug|Any CPU.Build.0 = Debug|Any CPU
		{3178AA93-F8F7-4D03-9908-20578DDB6995}.Debug|x64.ActiveCfg = Debug|Any CPU
		{3178AA93-F8F7-4D03-9908-20578DDB6995}.Debug|x64.Build.0 = Debug|Any CPU
		{3178AA93-F8F7-4D03-9908-20578DDB6995}.Debug|x86.ActiveCfg = Debug|Any CPU
		{3178AA93-F8F7-4D03-9908-20578DDB6995}.Debug|x86.Build.0 = Debug|Any CPU
		{3178AA93-F8F7-4D03-9908-20578DDB6995}.Release|Any CPU.ActiveCfg = Release|Any CPU
		{3178AA93-F8F7-4D03-9908-20578DDB6995}.Release|Any CPU.Build.0 = Release|Any CPU
		{3178AA93-F8F7-4D03-9908-20578DDB6995}.Release|x64.ActiveCfg = Release|Any CPU
		{3178AA93-F8F7-4D03-9908-20578DDB6995}.Release|x64.Build.0 = Release|Any CPU
		{3178AA93-F8F7-4D03-9908-20578DDB6995}.Release|x86.ActiveCfg = Release|Any CPU
		{3178AA93-F8F7-4D03-9908-20578DDB6995}.Release|x86.Build.0 = Release|Any CPU
		{8A516D68-B640-4309-A039-8AFB6F01CA2D}.Debug|Any CPU.ActiveCfg = Debug|Any CPU
		{8A516D68-B640-4309-A039-8AFB6F01CA2D}.Debug|Any CPU.Build.0 = Debug|Any CPU
		{8A516D68-B640-4309-A039-8AFB6F01CA2D}.Debug|x64.ActiveCfg = Debug|Any CPU
		{8A516D68-B640-4309-A039-8AFB6F01CA2D}.Debug|x64.Build.0 = Debug|Any CPU
		{8A516D68-B640-4309-A039-8AFB6F01CA2D}.Debug|x86.ActiveCfg = Debug|Any CPU
		{8A516D68-B640-4309-A039-8AFB6F01CA2D}.Debug|x86.Build.0 = Debug|Any CPU
		{8A516D68-B640-4309-A039-8AFB6F01CA2D}.Release|Any CPU.ActiveCfg = Release|Any CPU
		{8A516D68-B640-4309-A039-8AFB6F01CA2D}.Release|Any CPU.Build.0 = Release|Any CPU
		{8A516D68-B640-4309-A039-8AFB6F01CA2D}.Release|x64.ActiveCfg = Release|Any CPU
		{8A516D68-B640-4309-A039-8AFB6F01CA2D}.Release|x64.Build.0 = Release|Any CPU
		{8A516D68-B640-4309-A039-8AFB6F01CA2D}.Release|x86.ActiveCfg = Release|Any CPU
		{8A516D68-B640-4309-A039-8AFB6F01CA2D}.Release|x86.Build.0 = Release|Any CPU
		{0BB1E8DD-E05C-4314-BF81-C7C1D18571A0}.Debug|Any CPU.ActiveCfg = Debug|Any CPU
		{0BB1E8DD-E05C-4314-BF81-C7C1D18571A0}.Debug|Any CPU.Build.0 = Debug|Any CPU
		{0BB1E8DD-E05C-4314-BF81-C7C1D18571A0}.Debug|x64.ActiveCfg = Debug|Any CPU
		{0BB1E8DD-E05C-4314-BF81-C7C1D18571A0}.Debug|x64.Build.0 = Debug|Any CPU
		{0BB1E8DD-E05C-4314-BF81-C7C1D18571A0}.Debug|x86.ActiveCfg = Debug|Any CPU
		{0BB1E8DD-E05C-4314-BF81-C7C1D18571A0}.Debug|x86.Build.0 = Debug|Any CPU
		{0BB1E8DD-E05C-4314-BF81-C7C1D18571A0}.Release|Any CPU.ActiveCfg = Release|Any CPU
		{0BB1E8DD-E05C-4314-BF81-C7C1D18571A0}.Release|Any CPU.Build.0 = Release|Any CPU
		{0BB1E8DD-E05C-4314-BF81-C7C1D18571A0}.Release|x64.ActiveCfg = Release|Any CPU
		{0BB1E8DD-E05C-4314-BF81-C7C1D18571A0}.Release|x64.Build.0 = Release|Any CPU
		{0BB1E8DD-E05C-4314-BF81-C7C1D18571A0}.Release|x86.ActiveCfg = Release|Any CPU
		{0BB1E8DD-E05C-4314-BF81-C7C1D18571A0}.Release|x86.Build.0 = Release|Any CPU
		{2BE42447-DFA5-4703-B232-C5AE3C96B6C1}.Debug|Any CPU.ActiveCfg = Debug|Any CPU
		{2BE42447-DFA5-4703-B232-C5AE3C96B6C1}.Debug|Any CPU.Build.0 = Debug|Any CPU
		{2BE42447-DFA5-4703-B232-C5AE3C96B6C1}.Debug|x64.ActiveCfg = Debug|Any CPU
		{2BE42447-DFA5-4703-B232-C5AE3C96B6C1}.Debug|x64.Build.0 = Debug|Any CPU
		{2BE42447-DFA5-4703-B232-C5AE3C96B6C1}.Debug|x86.ActiveCfg = Debug|Any CPU
		{2BE42447-DFA5-4703-B232-C5AE3C96B6C1}.Debug|x86.Build.0 = Debug|Any CPU
		{2BE42447-DFA5-4703-B232-C5AE3C96B6C1}.Release|Any CPU.ActiveCfg = Release|Any CPU
		{2BE42447-DFA5-4703-B232-C5AE3C96B6C1}.Release|Any CPU.Build.0 = Release|Any CPU
		{2BE42447-DFA5-4703-B232-C5AE3C96B6C1}.Release|x64.ActiveCfg = Release|Any CPU
		{2BE42447-DFA5-4703-B232-C5AE3C96B6C1}.Release|x64.Build.0 = Release|Any CPU
		{2BE42447-DFA5-4703-B232-C5AE3C96B6C1}.Release|x86.ActiveCfg = Release|Any CPU
		{2BE42447-DFA5-4703-B232-C5AE3C96B6C1}.Release|x86.Build.0 = Release|Any CPU
		{958BF9A5-75FF-4319-A279-3DF6622B4125}.Debug|Any CPU.ActiveCfg = Debug|Any CPU
		{958BF9A5-75FF-4319-A279-3DF6622B4125}.Debug|Any CPU.Build.0 = Debug|Any CPU
		{958BF9A5-75FF-4319-A279-3DF6622B4125}.Debug|x64.ActiveCfg = Debug|Any CPU
		{958BF9A5-75FF-4319-A279-3DF6622B4125}.Debug|x64.Build.0 = Debug|Any CPU
		{958BF9A5-75FF-4319-A279-3DF6622B4125}.Debug|x86.ActiveCfg = Debug|Any CPU
		{958BF9A5-75FF-4319-A279-3DF6622B4125}.Debug|x86.Build.0 = Debug|Any CPU
		{958BF9A5-75FF-4319-A279-3DF6622B4125}.Release|Any CPU.ActiveCfg = Release|Any CPU
		{958BF9A5-75FF-4319-A279-3DF6622B4125}.Release|Any CPU.Build.0 = Release|Any CPU
		{958BF9A5-75FF-4319-A279-3DF6622B4125}.Release|x64.ActiveCfg = Release|Any CPU
		{958BF9A5-75FF-4319-A279-3DF6622B4125}.Release|x64.Build.0 = Release|Any CPU
		{958BF9A5-75FF-4319-A279-3DF6622B4125}.Release|x86.ActiveCfg = Release|Any CPU
		{958BF9A5-75FF-4319-A279-3DF6622B4125}.Release|x86.Build.0 = Release|Any CPU
		{6F9F600D-3FCC-4CB7-AA3C-264EC1836C2C}.Debug|Any CPU.ActiveCfg = Debug|Any CPU
		{6F9F600D-3FCC-4CB7-AA3C-264EC1836C2C}.Debug|Any CPU.Build.0 = Debug|Any CPU
		{6F9F600D-3FCC-4CB7-AA3C-264EC1836C2C}.Debug|x64.ActiveCfg = Debug|Any CPU
		{6F9F600D-3FCC-4CB7-AA3C-264EC1836C2C}.Debug|x64.Build.0 = Debug|Any CPU
		{6F9F600D-3FCC-4CB7-AA3C-264EC1836C2C}.Debug|x86.ActiveCfg = Debug|Any CPU
		{6F9F600D-3FCC-4CB7-AA3C-264EC1836C2C}.Debug|x86.Build.0 = Debug|Any CPU
		{6F9F600D-3FCC-4CB7-AA3C-264EC1836C2C}.Release|Any CPU.ActiveCfg = Release|Any CPU
		{6F9F600D-3FCC-4CB7-AA3C-264EC1836C2C}.Release|Any CPU.Build.0 = Release|Any CPU
		{6F9F600D-3FCC-4CB7-AA3C-264EC1836C2C}.Release|x64.ActiveCfg = Release|Any CPU
		{6F9F600D-3FCC-4CB7-AA3C-264EC1836C2C}.Release|x64.Build.0 = Release|Any CPU
		{6F9F600D-3FCC-4CB7-AA3C-264EC1836C2C}.Release|x86.ActiveCfg = Release|Any CPU
		{6F9F600D-3FCC-4CB7-AA3C-264EC1836C2C}.Release|x86.Build.0 = Release|Any CPU
		{30F3BE71-B51A-4546-8E94-32E87A852D65}.Debug|Any CPU.ActiveCfg = Debug|Any CPU
		{30F3BE71-B51A-4546-8E94-32E87A852D65}.Debug|Any CPU.Build.0 = Debug|Any CPU
		{30F3BE71-B51A-4546-8E94-32E87A852D65}.Debug|x64.ActiveCfg = Debug|Any CPU
		{30F3BE71-B51A-4546-8E94-32E87A852D65}.Debug|x64.Build.0 = Debug|Any CPU
		{30F3BE71-B51A-4546-8E94-32E87A852D65}.Debug|x86.ActiveCfg = Debug|Any CPU
		{30F3BE71-B51A-4546-8E94-32E87A852D65}.Debug|x86.Build.0 = Debug|Any CPU
		{30F3BE71-B51A-4546-8E94-32E87A852D65}.Release|Any CPU.ActiveCfg = Release|Any CPU
		{30F3BE71-B51A-4546-8E94-32E87A852D65}.Release|Any CPU.Build.0 = Release|Any CPU
		{30F3BE71-B51A-4546-8E94-32E87A852D65}.Release|x64.ActiveCfg = Release|Any CPU
		{30F3BE71-B51A-4546-8E94-32E87A852D65}.Release|x64.Build.0 = Release|Any CPU
		{30F3BE71-B51A-4546-8E94-32E87A852D65}.Release|x86.ActiveCfg = Release|Any CPU
		{30F3BE71-B51A-4546-8E94-32E87A852D65}.Release|x86.Build.0 = Release|Any CPU
		{DCA41B13-B515-4D03-9376-9430139508F0}.Debug|Any CPU.ActiveCfg = Debug|Any CPU
		{DCA41B13-B515-4D03-9376-9430139508F0}.Debug|Any CPU.Build.0 = Debug|Any CPU
		{DCA41B13-B515-4D03-9376-9430139508F0}.Debug|x64.ActiveCfg = Debug|Any CPU
		{DCA41B13-B515-4D03-9376-9430139508F0}.Debug|x64.Build.0 = Debug|Any CPU
		{DCA41B13-B515-4D03-9376-9430139508F0}.Debug|x86.ActiveCfg = Debug|Any CPU
		{DCA41B13-B515-4D03-9376-9430139508F0}.Debug|x86.Build.0 = Debug|Any CPU
		{DCA41B13-B515-4D03-9376-9430139508F0}.Release|Any CPU.ActiveCfg = Release|Any CPU
		{DCA41B13-B515-4D03-9376-9430139508F0}.Release|Any CPU.Build.0 = Release|Any CPU
		{DCA41B13-B515-4D03-9376-9430139508F0}.Release|x64.ActiveCfg = Release|Any CPU
		{DCA41B13-B515-4D03-9376-9430139508F0}.Release|x64.Build.0 = Release|Any CPU
		{DCA41B13-B515-4D03-9376-9430139508F0}.Release|x86.ActiveCfg = Release|Any CPU
		{DCA41B13-B515-4D03-9376-9430139508F0}.Release|x86.Build.0 = Release|Any CPU
		{7DCC0E46-9790-4DE2-86D3-CFD388F0D96F}.Debug|Any CPU.ActiveCfg = Debug|Any CPU
		{7DCC0E46-9790-4DE2-86D3-CFD388F0D96F}.Debug|Any CPU.Build.0 = Debug|Any CPU
		{7DCC0E46-9790-4DE2-86D3-CFD388F0D96F}.Debug|x64.ActiveCfg = Debug|Any CPU
		{7DCC0E46-9790-4DE2-86D3-CFD388F0D96F}.Debug|x64.Build.0 = Debug|Any CPU
		{7DCC0E46-9790-4DE2-86D3-CFD388F0D96F}.Debug|x86.ActiveCfg = Debug|Any CPU
		{7DCC0E46-9790-4DE2-86D3-CFD388F0D96F}.Debug|x86.Build.0 = Debug|Any CPU
		{7DCC0E46-9790-4DE2-86D3-CFD388F0D96F}.Release|Any CPU.ActiveCfg = Release|Any CPU
		{7DCC0E46-9790-4DE2-86D3-CFD388F0D96F}.Release|Any CPU.Build.0 = Release|Any CPU
		{7DCC0E46-9790-4DE2-86D3-CFD388F0D96F}.Release|x64.ActiveCfg = Release|Any CPU
		{7DCC0E46-9790-4DE2-86D3-CFD388F0D96F}.Release|x64.Build.0 = Release|Any CPU
		{7DCC0E46-9790-4DE2-86D3-CFD388F0D96F}.Release|x86.ActiveCfg = Release|Any CPU
		{7DCC0E46-9790-4DE2-86D3-CFD388F0D96F}.Release|x86.Build.0 = Release|Any CPU
		{1FA2AD1F-4140-4AC8-BE90-91C72BFE89B8}.Debug|Any CPU.ActiveCfg = Debug|Any CPU
		{1FA2AD1F-4140-4AC8-BE90-91C72BFE89B8}.Debug|Any CPU.Build.0 = Debug|Any CPU
		{1FA2AD1F-4140-4AC8-BE90-91C72BFE89B8}.Debug|x64.ActiveCfg = Debug|Any CPU
		{1FA2AD1F-4140-4AC8-BE90-91C72BFE89B8}.Debug|x64.Build.0 = Debug|Any CPU
		{1FA2AD1F-4140-4AC8-BE90-91C72BFE89B8}.Debug|x86.ActiveCfg = Debug|Any CPU
		{1FA2AD1F-4140-4AC8-BE90-91C72BFE89B8}.Debug|x86.Build.0 = Debug|Any CPU
		{1FA2AD1F-4140-4AC8-BE90-91C72BFE89B8}.Release|Any CPU.ActiveCfg = Release|Any CPU
		{1FA2AD1F-4140-4AC8-BE90-91C72BFE89B8}.Release|Any CPU.Build.0 = Release|Any CPU
		{1FA2AD1F-4140-4AC8-BE90-91C72BFE89B8}.Release|x64.ActiveCfg = Release|Any CPU
		{1FA2AD1F-4140-4AC8-BE90-91C72BFE89B8}.Release|x64.Build.0 = Release|Any CPU
		{1FA2AD1F-4140-4AC8-BE90-91C72BFE89B8}.Release|x86.ActiveCfg = Release|Any CPU
		{1FA2AD1F-4140-4AC8-BE90-91C72BFE89B8}.Release|x86.Build.0 = Release|Any CPU
	EndGlobalSection
	GlobalSection(SolutionProperties) = preSolution
		HideSolutionNode = FALSE
	EndGlobalSection
	GlobalSection(NestedProjects) = preSolution
		{900173BE-E18C-4F0A-80D4-0E82F2EF5FA7} = {4BEDD9F1-9D6F-4066-BA75-A5F29646569B}
		{00E86D04-4BD0-4786-8E04-BC07065A7C9A} = {4BEDD9F1-9D6F-4066-BA75-A5F29646569B}
		{3178AA93-F8F7-4D03-9908-20578DDB6995} = {4BEDD9F1-9D6F-4066-BA75-A5F29646569B}
		{8A516D68-B640-4309-A039-8AFB6F01CA2D} = {4BEDD9F1-9D6F-4066-BA75-A5F29646569B}
		{0BB1E8DD-E05C-4314-BF81-C7C1D18571A0} = {B0B8041C-8B77-423B-BBFB-44FB02AD6511}
		{2BE42447-DFA5-4703-B232-C5AE3C96B6C1} = {B0B8041C-8B77-423B-BBFB-44FB02AD6511}
		{958BF9A5-75FF-4319-A279-3DF6622B4125} = {4BEDD9F1-9D6F-4066-BA75-A5F29646569B}
		{6F9F600D-3FCC-4CB7-AA3C-264EC1836C2C} = {B0B8041C-8B77-423B-BBFB-44FB02AD6511}
		{30F3BE71-B51A-4546-8E94-32E87A852D65} = {4BEDD9F1-9D6F-4066-BA75-A5F29646569B}
		{DCA41B13-B515-4D03-9376-9430139508F0} = {B0B8041C-8B77-423B-BBFB-44FB02AD6511}
		{7DCC0E46-9790-4DE2-86D3-CFD388F0D96F} = {B0B8041C-8B77-423B-BBFB-44FB02AD6511}
		{1FA2AD1F-4140-4AC8-BE90-91C72BFE89B8} = {B0B8041C-8B77-423B-BBFB-44FB02AD6511}
	EndGlobalSection
EndGlobal
