
Microsoft Visual Studio Solution File, Format Version 12.00
# Visual Studio Version 17
VisualStudioVersion = 17.0.31903.59
MinimumVisualStudioVersion = 10.0.40219.1
Project("{FAE04EC0-301F-11D3-BF4B-00C04F79EFBC}") = "CharsEvenOdd", "CharsEvenOdd\CharsEvenOdd.csproj", "{0BB1E8DD-E05C-4314-BF81-C7C1D18571A0}"
EndProject
Project("{FAE04EC0-301F-11D3-BF4B-00C04F79EFBC}") = "ClassVsInstance", "ClassVsInstance\ClassVsInstance.csproj", "{2BE42447-DFA5-4703-B232-C5AE3C96B6C1}"
EndProject
Project("{FAE04EC0-301F-11D3-BF4B-00C04F79EFBC}") = "ArrayReverseOrder", "ArrayReverseOrder\ArrayReverseOrder.csproj", "{6F9F600D-3FCC-4CB7-AA3C-264EC1836C2C}"
EndProject
Project("{FAE04EC0-301F-11D3-BF4B-00C04F79EFBC}") = "DictionaryKeyValue", "DictionaryKeyValue\DictionaryKeyValue.csproj", "{DCA41B13-B515-4D03-9376-9430139508F0}"
EndProject
Project("{FAE04EC0-301F-11D3-BF4B-00C04F79EFBC}") = "RecursiveFactorial", "RecursiveFactorial\RecursiveFactorial.csproj", "{7DCC0E46-9790-4DE2-86D3-CFD388F0D96F}"
EndProject
Project("{FAE04EC0-301F-11D3-BF4B-00C04F79EFBC}") = "BinaryNumberBase2", "BinaryNumberBase2\BinaryNumberBase2.csproj", "{1FA2AD1F-4140-4AC8-BE90-91C72BFE89B8}"
EndProject
Project("{FAE04EC0-301F-11D3-BF4B-00C04F79EFBC}") = "ArrayOtherDimension", "ArrayOtherDimension\ArrayOtherDimension.csproj", "{117B42B8-DD82-4A5E-A0BA-12E4CDF81496}"
EndProject
Project("{FAE04EC0-301F-11D3-BF4B-00C04F79EFBC}") = "MinMaxDifference", "MinMaxDifference\MinMaxDifference.csproj", "{39171115-9626-4F81-9D48-FE08DBCAF23E}"
EndProject
Project("{FAE04EC0-301F-11D3-BF4B-00C04F79EFBC}") = "LinkedListNodeHeadNext", "LinkedListNodeHeadNext\LinkedListNodeHeadNext.csproj", "{30D8ABC1-7C39-4421-88CE-A0FC01FA6A3C}"
EndProject
Project("{FAE04EC0-301F-11D3-BF4B-00C04F79EFBC}") = "ExceptionSimple", "ExceptionSimple\ExceptionSimple.csproj", "{4E00BDD6-2F24-435E-BC7D-D1E492589649}"
EndProject
Project("{FAE04EC0-301F-11D3-BF4B-00C04F79EFBC}") = "ExceptionPowerCalculate", "ExceptionPowerCalculate\ExceptionPowerCalculate.csproj", "{4188D127-BF59-4827-8106-1E1E3158D949}"
EndProject
Project("{FAE04EC0-301F-11D3-BF4B-00C04F79EFBC}") = "QueueStack", "QueueStack\QueueStack.csproj", "{70F269AF-43E6-4ABC-AF72-D66E3985318B}"
EndProject
Project("{FAE04EC0-301F-11D3-BF4B-00C04F79EFBC}") = "InterfaceSumDivisors", "InterfaceSumDivisors\InterfaceSumDivisors.csproj", "{0DB3F2C7-5284-4109-AD3D-82DB7005D6B5}"
EndProject
Project("{FAE04EC0-301F-11D3-BF4B-00C04F79EFBC}") = "ArrayBubleSort", "ArrayBubleSort\ArrayBubleSort.csproj", "{1A12D42F-03A2-425E-8BA3-05DCA451B553}"
EndProject
Project("{FAE04EC0-301F-11D3-BF4B-00C04F79EFBC}") = "ArrayGeneric", "ArrayGeneric\ArrayGeneric.csproj", "{2F392E70-E35D-4A5B-AF3F-245148A4C8F8}"
EndProject
Project("{FAE04EC0-301F-11D3-BF4B-00C04F79EFBC}") = "ArrayGenericOOP", "ArrayGenericOOP\ArrayGenericOOP.csproj", "{6468AB92-109D-4A01-A1A2-BD40F6F8A850}"
EndProject
Global
	GlobalSection(SolutionConfigurationPlatforms) = preSolution
		Debug|Any CPU = Debug|Any CPU
		Debug|x64 = Debug|x64
		Debug|x86 = Debug|x86
		Release|Any CPU = Release|Any CPU
		Release|x64 = Release|x64
		Release|x86 = Release|x86
	EndGlobalSection
	GlobalSection(ProjectConfigurationPlatforms) = postSolution
		{0BB1E8DD-E05C-4314-BF81-C7C1D18571A0}.Debug|Any CPU.ActiveCfg = Debug|Any CPU
		{0BB1E8DD-E05C-4314-BF81-C7C1D18571A0}.Debug|Any CPU.Build.0 = Debug|Any CPU
		{0BB1E8DD-E05C-4314-BF81-C7C1D18571A0}.Debug|x64.ActiveCfg = Debug|Any CPU
		{0BB1E8DD-E05C-4314-BF81-C7C1D18571A0}.Debug|x64.Build.0 = Debug|Any CPU
		{0BB1E8DD-E05C-4314-BF81-C7C1D18571A0}.Debug|x86.ActiveCfg = Debug|Any CPU
		{0BB1E8DD-E05C-4314-BF81-C7C1D18571A0}.Debug|x86.Build.0 = Debug|Any CPU
		{0BB1E8DD-E05C-4314-BF81-C7C1D18571A0}.Release|Any CPU.ActiveCfg = Release|Any CPU
		{0BB1E8DD-E05C-4314-BF81-C7C1D18571A0}.Release|Any CPU.Build.0 = Release|Any CPU
		{0BB1E8DD-E05C-4314-BF81-C7C1D18571A0}.Release|x64.ActiveCfg = Release|Any CPU
		{0BB1E8DD-E05C-4314-BF81-C7C1D18571A0}.Release|x64.Build.0 = Release|Any CPU
		{0BB1E8DD-E05C-4314-BF81-C7C1D18571A0}.Release|x86.ActiveCfg = Release|Any CPU
		{0BB1E8DD-E05C-4314-BF81-C7C1D18571A0}.Release|x86.Build.0 = Release|Any CPU
		{2BE42447-DFA5-4703-B232-C5AE3C96B6C1}.Debug|Any CPU.ActiveCfg = Debug|Any CPU
		{2BE42447-DFA5-4703-B232-C5AE3C96B6C1}.Debug|Any CPU.Build.0 = Debug|Any CPU
		{2BE42447-DFA5-4703-B232-C5AE3C96B6C1}.Debug|x64.ActiveCfg = Debug|Any CPU
		{2BE42447-DFA5-4703-B232-C5AE3C96B6C1}.Debug|x64.Build.0 = Debug|Any CPU
		{2BE42447-DFA5-4703-B232-C5AE3C96B6C1}.Debug|x86.ActiveCfg = Debug|Any CPU
		{2BE42447-DFA5-4703-B232-C5AE3C96B6C1}.Debug|x86.Build.0 = Debug|Any CPU
		{2BE42447-DFA5-4703-B232-C5AE3C96B6C1}.Release|Any CPU.ActiveCfg = Release|Any CPU
		{2BE42447-DFA5-4703-B232-C5AE3C96B6C1}.Release|Any CPU.Build.0 = Release|Any CPU
		{2BE42447-DFA5-4703-B232-C5AE3C96B6C1}.Release|x64.ActiveCfg = Release|Any CPU
		{2BE42447-DFA5-4703-B232-C5AE3C96B6C1}.Release|x64.Build.0 = Release|Any CPU
		{2BE42447-DFA5-4703-B232-C5AE3C96B6C1}.Release|x86.ActiveCfg = Release|Any CPU
		{2BE42447-DFA5-4703-B232-C5AE3C96B6C1}.Release|x86.Build.0 = Release|Any CPU
		{6F9F600D-3FCC-4CB7-AA3C-264EC1836C2C}.Debug|Any CPU.ActiveCfg = Debug|Any CPU
		{6F9F600D-3FCC-4CB7-AA3C-264EC1836C2C}.Debug|Any CPU.Build.0 = Debug|Any CPU
		{6F9F600D-3FCC-4CB7-AA3C-264EC1836C2C}.Debug|x64.ActiveCfg = Debug|Any CPU
		{6F9F600D-3FCC-4CB7-AA3C-264EC1836C2C}.Debug|x64.Build.0 = Debug|Any CPU
		{6F9F600D-3FCC-4CB7-AA3C-264EC1836C2C}.Debug|x86.ActiveCfg = Debug|Any CPU
		{6F9F600D-3FCC-4CB7-AA3C-264EC1836C2C}.Debug|x86.Build.0 = Debug|Any CPU
		{6F9F600D-3FCC-4CB7-AA3C-264EC1836C2C}.Release|Any CPU.ActiveCfg = Release|Any CPU
		{6F9F600D-3FCC-4CB7-AA3C-264EC1836C2C}.Release|Any CPU.Build.0 = Release|Any CPU
		{6F9F600D-3FCC-4CB7-AA3C-264EC1836C2C}.Release|x64.ActiveCfg = Release|Any CPU
		{6F9F600D-3FCC-4CB7-AA3C-264EC1836C2C}.Release|x64.Build.0 = Release|Any CPU
		{6F9F600D-3FCC-4CB7-AA3C-264EC1836C2C}.Release|x86.ActiveCfg = Release|Any CPU
		{6F9F600D-3FCC-4CB7-AA3C-264EC1836C2C}.Release|x86.Build.0 = Release|Any CPU
		{DCA41B13-B515-4D03-9376-9430139508F0}.Debug|Any CPU.ActiveCfg = Debug|Any CPU
		{DCA41B13-B515-4D03-9376-9430139508F0}.Debug|Any CPU.Build.0 = Debug|Any CPU
		{DCA41B13-B515-4D03-9376-9430139508F0}.Debug|x64.ActiveCfg = Debug|Any CPU
		{DCA41B13-B515-4D03-9376-9430139508F0}.Debug|x64.Build.0 = Debug|Any CPU
		{DCA41B13-B515-4D03-9376-9430139508F0}.Debug|x86.ActiveCfg = Debug|Any CPU
		{DCA41B13-B515-4D03-9376-9430139508F0}.Debug|x86.Build.0 = Debug|Any CPU
		{DCA41B13-B515-4D03-9376-9430139508F0}.Release|Any CPU.ActiveCfg = Release|Any CPU
		{DCA41B13-B515-4D03-9376-9430139508F0}.Release|Any CPU.Build.0 = Release|Any CPU
		{DCA41B13-B515-4D03-9376-9430139508F0}.Release|x64.ActiveCfg = Release|Any CPU
		{DCA41B13-B515-4D03-9376-9430139508F0}.Release|x64.Build.0 = Release|Any CPU
		{DCA41B13-B515-4D03-9376-9430139508F0}.Release|x86.ActiveCfg = Release|Any CPU
		{DCA41B13-B515-4D03-9376-9430139508F0}.Release|x86.Build.0 = Release|Any CPU
		{7DCC0E46-9790-4DE2-86D3-CFD388F0D96F}.Debug|Any CPU.ActiveCfg = Debug|Any CPU
		{7DCC0E46-9790-4DE2-86D3-CFD388F0D96F}.Debug|Any CPU.Build.0 = Debug|Any CPU
		{7DCC0E46-9790-4DE2-86D3-CFD388F0D96F}.Debug|x64.ActiveCfg = Debug|Any CPU
		{7DCC0E46-9790-4DE2-86D3-CFD388F0D96F}.Debug|x64.Build.0 = Debug|Any CPU
		{7DCC0E46-9790-4DE2-86D3-CFD388F0D96F}.Debug|x86.ActiveCfg = Debug|Any CPU
		{7DCC0E46-9790-4DE2-86D3-CFD388F0D96F}.Debug|x86.Build.0 = Debug|Any CPU
		{7DCC0E46-9790-4DE2-86D3-CFD388F0D96F}.Release|Any CPU.ActiveCfg = Release|Any CPU
		{7DCC0E46-9790-4DE2-86D3-CFD388F0D96F}.Release|Any CPU.Build.0 = Release|Any CPU
		{7DCC0E46-9790-4DE2-86D3-CFD388F0D96F}.Release|x64.ActiveCfg = Release|Any CPU
		{7DCC0E46-9790-4DE2-86D3-CFD388F0D96F}.Release|x64.Build.0 = Release|Any CPU
		{7DCC0E46-9790-4DE2-86D3-CFD388F0D96F}.Release|x86.ActiveCfg = Release|Any CPU
		{7DCC0E46-9790-4DE2-86D3-CFD388F0D96F}.Release|x86.Build.0 = Release|Any CPU
		{1FA2AD1F-4140-4AC8-BE90-91C72BFE89B8}.Debug|Any CPU.ActiveCfg = Debug|Any CPU
		{1FA2AD1F-4140-4AC8-BE90-91C72BFE89B8}.Debug|Any CPU.Build.0 = Debug|Any CPU
		{1FA2AD1F-4140-4AC8-BE90-91C72BFE89B8}.Debug|x64.ActiveCfg = Debug|Any CPU
		{1FA2AD1F-4140-4AC8-BE90-91C72BFE89B8}.Debug|x64.Build.0 = Debug|Any CPU
		{1FA2AD1F-4140-4AC8-BE90-91C72BFE89B8}.Debug|x86.ActiveCfg = Debug|Any CPU
		{1FA2AD1F-4140-4AC8-BE90-91C72BFE89B8}.Debug|x86.Build.0 = Debug|Any CPU
		{1FA2AD1F-4140-4AC8-BE90-91C72BFE89B8}.Release|Any CPU.ActiveCfg = Release|Any CPU
		{1FA2AD1F-4140-4AC8-BE90-91C72BFE89B8}.Release|Any CPU.Build.0 = Release|Any CPU
		{1FA2AD1F-4140-4AC8-BE90-91C72BFE89B8}.Release|x64.ActiveCfg = Release|Any CPU
		{1FA2AD1F-4140-4AC8-BE90-91C72BFE89B8}.Release|x64.Build.0 = Release|Any CPU
		{1FA2AD1F-4140-4AC8-BE90-91C72BFE89B8}.Release|x86.ActiveCfg = Release|Any CPU
		{1FA2AD1F-4140-4AC8-BE90-91C72BFE89B8}.Release|x86.Build.0 = Release|Any CPU
		{117B42B8-DD82-4A5E-A0BA-12E4CDF81496}.Debug|Any CPU.ActiveCfg = Debug|Any CPU
		{117B42B8-DD82-4A5E-A0BA-12E4CDF81496}.Debug|Any CPU.Build.0 = Debug|Any CPU
		{117B42B8-DD82-4A5E-A0BA-12E4CDF81496}.Debug|x64.ActiveCfg = Debug|Any CPU
		{117B42B8-DD82-4A5E-A0BA-12E4CDF81496}.Debug|x64.Build.0 = Debug|Any CPU
		{117B42B8-DD82-4A5E-A0BA-12E4CDF81496}.Debug|x86.ActiveCfg = Debug|Any CPU
		{117B42B8-DD82-4A5E-A0BA-12E4CDF81496}.Debug|x86.Build.0 = Debug|Any CPU
		{117B42B8-DD82-4A5E-A0BA-12E4CDF81496}.Release|Any CPU.ActiveCfg = Release|Any CPU
		{117B42B8-DD82-4A5E-A0BA-12E4CDF81496}.Release|Any CPU.Build.0 = Release|Any CPU
		{117B42B8-DD82-4A5E-A0BA-12E4CDF81496}.Release|x64.ActiveCfg = Release|Any CPU
		{117B42B8-DD82-4A5E-A0BA-12E4CDF81496}.Release|x64.Build.0 = Release|Any CPU
		{117B42B8-DD82-4A5E-A0BA-12E4CDF81496}.Release|x86.ActiveCfg = Release|Any CPU
		{117B42B8-DD82-4A5E-A0BA-12E4CDF81496}.Release|x86.Build.0 = Release|Any CPU
		{39171115-9626-4F81-9D48-FE08DBCAF23E}.Debug|Any CPU.ActiveCfg = Debug|Any CPU
		{39171115-9626-4F81-9D48-FE08DBCAF23E}.Debug|Any CPU.Build.0 = Debug|Any CPU
		{39171115-9626-4F81-9D48-FE08DBCAF23E}.Debug|x64.ActiveCfg = Debug|Any CPU
		{39171115-9626-4F81-9D48-FE08DBCAF23E}.Debug|x64.Build.0 = Debug|Any CPU
		{39171115-9626-4F81-9D48-FE08DBCAF23E}.Debug|x86.ActiveCfg = Debug|Any CPU
		{39171115-9626-4F81-9D48-FE08DBCAF23E}.Debug|x86.Build.0 = Debug|Any CPU
		{39171115-9626-4F81-9D48-FE08DBCAF23E}.Release|Any CPU.ActiveCfg = Release|Any CPU
		{39171115-9626-4F81-9D48-FE08DBCAF23E}.Release|Any CPU.Build.0 = Release|Any CPU
		{39171115-9626-4F81-9D48-FE08DBCAF23E}.Release|x64.ActiveCfg = Release|Any CPU
		{39171115-9626-4F81-9D48-FE08DBCAF23E}.Release|x64.Build.0 = Release|Any CPU
		{39171115-9626-4F81-9D48-FE08DBCAF23E}.Release|x86.ActiveCfg = Release|Any CPU
		{39171115-9626-4F81-9D48-FE08DBCAF23E}.Release|x86.Build.0 = Release|Any CPU
		{30D8ABC1-7C39-4421-88CE-A0FC01FA6A3C}.Debug|Any CPU.ActiveCfg = Debug|Any CPU
		{30D8ABC1-7C39-4421-88CE-A0FC01FA6A3C}.Debug|Any CPU.Build.0 = Debug|Any CPU
		{30D8ABC1-7C39-4421-88CE-A0FC01FA6A3C}.Debug|x64.ActiveCfg = Debug|Any CPU
		{30D8ABC1-7C39-4421-88CE-A0FC01FA6A3C}.Debug|x64.Build.0 = Debug|Any CPU
		{30D8ABC1-7C39-4421-88CE-A0FC01FA6A3C}.Debug|x86.ActiveCfg = Debug|Any CPU
		{30D8ABC1-7C39-4421-88CE-A0FC01FA6A3C}.Debug|x86.Build.0 = Debug|Any CPU
		{30D8ABC1-7C39-4421-88CE-A0FC01FA6A3C}.Release|Any CPU.ActiveCfg = Release|Any CPU
		{30D8ABC1-7C39-4421-88CE-A0FC01FA6A3C}.Release|Any CPU.Build.0 = Release|Any CPU
		{30D8ABC1-7C39-4421-88CE-A0FC01FA6A3C}.Release|x64.ActiveCfg = Release|Any CPU
		{30D8ABC1-7C39-4421-88CE-A0FC01FA6A3C}.Release|x64.Build.0 = Release|Any CPU
		{30D8ABC1-7C39-4421-88CE-A0FC01FA6A3C}.Release|x86.ActiveCfg = Release|Any CPU
		{30D8ABC1-7C39-4421-88CE-A0FC01FA6A3C}.Release|x86.Build.0 = Release|Any CPU
		{4E00BDD6-2F24-435E-BC7D-D1E492589649}.Debug|Any CPU.ActiveCfg = Debug|Any CPU
		{4E00BDD6-2F24-435E-BC7D-D1E492589649}.Debug|Any CPU.Build.0 = Debug|Any CPU
		{4E00BDD6-2F24-435E-BC7D-D1E492589649}.Debug|x64.ActiveCfg = Debug|Any CPU
		{4E00BDD6-2F24-435E-BC7D-D1E492589649}.Debug|x64.Build.0 = Debug|Any CPU
		{4E00BDD6-2F24-435E-BC7D-D1E492589649}.Debug|x86.ActiveCfg = Debug|Any CPU
		{4E00BDD6-2F24-435E-BC7D-D1E492589649}.Debug|x86.Build.0 = Debug|Any CPU
		{4E00BDD6-2F24-435E-BC7D-D1E492589649}.Release|Any CPU.ActiveCfg = Release|Any CPU
		{4E00BDD6-2F24-435E-BC7D-D1E492589649}.Release|Any CPU.Build.0 = Release|Any CPU
		{4E00BDD6-2F24-435E-BC7D-D1E492589649}.Release|x64.ActiveCfg = Release|Any CPU
		{4E00BDD6-2F24-435E-BC7D-D1E492589649}.Release|x64.Build.0 = Release|Any CPU
		{4E00BDD6-2F24-435E-BC7D-D1E492589649}.Release|x86.ActiveCfg = Release|Any CPU
		{4E00BDD6-2F24-435E-BC7D-D1E492589649}.Release|x86.Build.0 = Release|Any CPU
		{4188D127-BF59-4827-8106-1E1E3158D949}.Debug|Any CPU.ActiveCfg = Debug|Any CPU
		{4188D127-BF59-4827-8106-1E1E3158D949}.Debug|Any CPU.Build.0 = Debug|Any CPU
		{4188D127-BF59-4827-8106-1E1E3158D949}.Debug|x64.ActiveCfg = Debug|Any CPU
		{4188D127-BF59-4827-8106-1E1E3158D949}.Debug|x64.Build.0 = Debug|Any CPU
		{4188D127-BF59-4827-8106-1E1E3158D949}.Debug|x86.ActiveCfg = Debug|Any CPU
		{4188D127-BF59-4827-8106-1E1E3158D949}.Debug|x86.Build.0 = Debug|Any CPU
		{4188D127-BF59-4827-8106-1E1E3158D949}.Release|Any CPU.ActiveCfg = Release|Any CPU
		{4188D127-BF59-4827-8106-1E1E3158D949}.Release|Any CPU.Build.0 = Release|Any CPU
		{4188D127-BF59-4827-8106-1E1E3158D949}.Release|x64.ActiveCfg = Release|Any CPU
		{4188D127-BF59-4827-8106-1E1E3158D949}.Release|x64.Build.0 = Release|Any CPU
		{4188D127-BF59-4827-8106-1E1E3158D949}.Release|x86.ActiveCfg = Release|Any CPU
		{4188D127-BF59-4827-8106-1E1E3158D949}.Release|x86.Build.0 = Release|Any CPU
		{70F269AF-43E6-4ABC-AF72-D66E3985318B}.Debug|Any CPU.ActiveCfg = Debug|Any CPU
		{70F269AF-43E6-4ABC-AF72-D66E3985318B}.Debug|Any CPU.Build.0 = Debug|Any CPU
		{70F269AF-43E6-4ABC-AF72-D66E3985318B}.Debug|x64.ActiveCfg = Debug|Any CPU
		{70F269AF-43E6-4ABC-AF72-D66E3985318B}.Debug|x64.Build.0 = Debug|Any CPU
		{70F269AF-43E6-4ABC-AF72-D66E3985318B}.Debug|x86.ActiveCfg = Debug|Any CPU
		{70F269AF-43E6-4ABC-AF72-D66E3985318B}.Debug|x86.Build.0 = Debug|Any CPU
		{70F269AF-43E6-4ABC-AF72-D66E3985318B}.Release|Any CPU.ActiveCfg = Release|Any CPU
		{70F269AF-43E6-4ABC-AF72-D66E3985318B}.Release|Any CPU.Build.0 = Release|Any CPU
		{70F269AF-43E6-4ABC-AF72-D66E3985318B}.Release|x64.ActiveCfg = Release|Any CPU
		{70F269AF-43E6-4ABC-AF72-D66E3985318B}.Release|x64.Build.0 = Release|Any CPU
		{70F269AF-43E6-4ABC-AF72-D66E3985318B}.Release|x86.ActiveCfg = Release|Any CPU
		{70F269AF-43E6-4ABC-AF72-D66E3985318B}.Release|x86.Build.0 = Release|Any CPU
		{0DB3F2C7-5284-4109-AD3D-82DB7005D6B5}.Debug|Any CPU.ActiveCfg = Debug|Any CPU
		{0DB3F2C7-5284-4109-AD3D-82DB7005D6B5}.Debug|Any CPU.Build.0 = Debug|Any CPU
		{0DB3F2C7-5284-4109-AD3D-82DB7005D6B5}.Debug|x64.ActiveCfg = Debug|Any CPU
		{0DB3F2C7-5284-4109-AD3D-82DB7005D6B5}.Debug|x64.Build.0 = Debug|Any CPU
		{0DB3F2C7-5284-4109-AD3D-82DB7005D6B5}.Debug|x86.ActiveCfg = Debug|Any CPU
		{0DB3F2C7-5284-4109-AD3D-82DB7005D6B5}.Debug|x86.Build.0 = Debug|Any CPU
		{0DB3F2C7-5284-4109-AD3D-82DB7005D6B5}.Release|Any CPU.ActiveCfg = Release|Any CPU
		{0DB3F2C7-5284-4109-AD3D-82DB7005D6B5}.Release|Any CPU.Build.0 = Release|Any CPU
		{0DB3F2C7-5284-4109-AD3D-82DB7005D6B5}.Release|x64.ActiveCfg = Release|Any CPU
		{0DB3F2C7-5284-4109-AD3D-82DB7005D6B5}.Release|x64.Build.0 = Release|Any CPU
		{0DB3F2C7-5284-4109-AD3D-82DB7005D6B5}.Release|x86.ActiveCfg = Release|Any CPU
		{0DB3F2C7-5284-4109-AD3D-82DB7005D6B5}.Release|x86.Build.0 = Release|Any CPU
		{1A12D42F-03A2-425E-8BA3-05DCA451B553}.Debug|Any CPU.ActiveCfg = Debug|Any CPU
		{1A12D42F-03A2-425E-8BA3-05DCA451B553}.Debug|Any CPU.Build.0 = Debug|Any CPU
		{1A12D42F-03A2-425E-8BA3-05DCA451B553}.Debug|x64.ActiveCfg = Debug|Any CPU
		{1A12D42F-03A2-425E-8BA3-05DCA451B553}.Debug|x64.Build.0 = Debug|Any CPU
		{1A12D42F-03A2-425E-8BA3-05DCA451B553}.Debug|x86.ActiveCfg = Debug|Any CPU
		{1A12D42F-03A2-425E-8BA3-05DCA451B553}.Debug|x86.Build.0 = Debug|Any CPU
		{1A12D42F-03A2-425E-8BA3-05DCA451B553}.Release|Any CPU.ActiveCfg = Release|Any CPU
		{1A12D42F-03A2-425E-8BA3-05DCA451B553}.Release|Any CPU.Build.0 = Release|Any CPU
		{1A12D42F-03A2-425E-8BA3-05DCA451B553}.Release|x64.ActiveCfg = Release|Any CPU
		{1A12D42F-03A2-425E-8BA3-05DCA451B553}.Release|x64.Build.0 = Release|Any CPU
		{1A12D42F-03A2-425E-8BA3-05DCA451B553}.Release|x86.ActiveCfg = Release|Any CPU
		{1A12D42F-03A2-425E-8BA3-05DCA451B553}.Release|x86.Build.0 = Release|Any CPU
		{2F392E70-E35D-4A5B-AF3F-245148A4C8F8}.Debug|Any CPU.ActiveCfg = Debug|Any CPU
		{2F392E70-E35D-4A5B-AF3F-245148A4C8F8}.Debug|Any CPU.Build.0 = Debug|Any CPU
		{2F392E70-E35D-4A5B-AF3F-245148A4C8F8}.Debug|x64.ActiveCfg = Debug|Any CPU
		{2F392E70-E35D-4A5B-AF3F-245148A4C8F8}.Debug|x64.Build.0 = Debug|Any CPU
		{2F392E70-E35D-4A5B-AF3F-245148A4C8F8}.Debug|x86.ActiveCfg = Debug|Any CPU
		{2F392E70-E35D-4A5B-AF3F-245148A4C8F8}.Debug|x86.Build.0 = Debug|Any CPU
		{2F392E70-E35D-4A5B-AF3F-245148A4C8F8}.Release|Any CPU.ActiveCfg = Release|Any CPU
		{2F392E70-E35D-4A5B-AF3F-245148A4C8F8}.Release|Any CPU.Build.0 = Release|Any CPU
		{2F392E70-E35D-4A5B-AF3F-245148A4C8F8}.Release|x64.ActiveCfg = Release|Any CPU
		{2F392E70-E35D-4A5B-AF3F-245148A4C8F8}.Release|x64.Build.0 = Release|Any CPU
		{2F392E70-E35D-4A5B-AF3F-245148A4C8F8}.Release|x86.ActiveCfg = Release|Any CPU
		{2F392E70-E35D-4A5B-AF3F-245148A4C8F8}.Release|x86.Build.0 = Release|Any CPU
		{6468AB92-109D-4A01-A1A2-BD40F6F8A850}.Debug|Any CPU.ActiveCfg = Debug|Any CPU
		{6468AB92-109D-4A01-A1A2-BD40F6F8A850}.Debug|Any CPU.Build.0 = Debug|Any CPU
		{6468AB92-109D-4A01-A1A2-BD40F6F8A850}.Debug|x64.ActiveCfg = Debug|Any CPU
		{6468AB92-109D-4A01-A1A2-BD40F6F8A850}.Debug|x64.Build.0 = Debug|Any CPU
		{6468AB92-109D-4A01-A1A2-BD40F6F8A850}.Debug|x86.ActiveCfg = Debug|Any CPU
		{6468AB92-109D-4A01-A1A2-BD40F6F8A850}.Debug|x86.Build.0 = Debug|Any CPU
		{6468AB92-109D-4A01-A1A2-BD40F6F8A850}.Release|Any CPU.ActiveCfg = Release|Any CPU
		{6468AB92-109D-4A01-A1A2-BD40F6F8A850}.Release|Any CPU.Build.0 = Release|Any CPU
		{6468AB92-109D-4A01-A1A2-BD40F6F8A850}.Release|x64.ActiveCfg = Release|Any CPU
		{6468AB92-109D-4A01-A1A2-BD40F6F8A850}.Release|x64.Build.0 = Release|Any CPU
		{6468AB92-109D-4A01-A1A2-BD40F6F8A850}.Release|x86.ActiveCfg = Release|Any CPU
		{6468AB92-109D-4A01-A1A2-BD40F6F8A850}.Release|x86.Build.0 = Release|Any CPU
	EndGlobalSection
	GlobalSection(SolutionProperties) = preSolution
		HideSolutionNode = FALSE
	EndGlobalSection
	GlobalSection(NestedProjects) = preSolution
	EndGlobalSection
EndGlobal
